// !$*UTF8*$!
{
	archiveVersion = 1;
	classes = {
	};
	objectVersion = 46;
	objects = {

/* Begin PBXBuildFile section */
		D3DA15131C667B9B009745D9 /* AppDelegate.swift in Sources */ = {isa = PBXBuildFile; fileRef = D3DA15121C667B9B009745D9 /* AppDelegate.swift */; };
		D3DA15151C667B9B009745D9 /* ViewController.swift in Sources */ = {isa = PBXBuildFile; fileRef = D3DA15141C667B9B009745D9 /* ViewController.swift */; };
		D3DA15181C667B9B009745D9 /* Main.storyboard in Resources */ = {isa = PBXBuildFile; fileRef = D3DA15161C667B9B009745D9 /* Main.storyboard */; };
		D3DA151A1C667B9B009745D9 /* Assets.xcassets in Resources */ = {isa = PBXBuildFile; fileRef = D3DA15191C667B9B009745D9 /* Assets.xcassets */; };
		D3DA151D1C667B9B009745D9 /* LaunchScreen.storyboard in Resources */ = {isa = PBXBuildFile; fileRef = D3DA151B1C667B9B009745D9 /* LaunchScreen.storyboard */; };
/* End PBXBuildFile section */

/* Begin PBXFileReference section */
		D3DA150F1C667B9B009745D9 /* movebox.app */ = {isa = PBXFileReference; explicitFileType = wrapper.application; includeInIndex = 0; path = movebox.app; sourceTree = BUILT_PRODUCTS_DIR; };
		D3DA15121C667B9B009745D9 /* AppDelegate.swift */ = {isa = PBXFileReference; lastKnownFileType = sourcecode.swift; path = AppDelegate.swift; sourceTree = "<group>"; };
		D3DA15141C667B9B009745D9 /* ViewController.swift */ = {isa = PBXFileReference; lastKnownFileType = sourcecode.swift; path = ViewController.swift; sourceTree = "<group>"; };
		D3DA15171C667B9B009745D9 /* Base */ = {isa = PBXFileReference; lastKnownFileType = file.storyboard; name = Base; path = Base.lproj/Main.storyboard; sourceTree = "<group>"; };
		D3DA15191C667B9B009745D9 /* Assets.xcassets */ = {isa = PBXFileReference; lastKnownFileType = folder.assetcatalog; path = Assets.xcassets; sourceTree = "<group>"; };
		D3DA151C1C667B9B009745D9 /* Base */ = {isa = PBXFileReference; lastKnownFileType = file.storyboard; name = Base; path = Base.lproj/LaunchScreen.storyboard; sourceTree = "<group>"; };
		D3DA151E1C667B9B009745D9 /* Info.plist */ = {isa = PBXFileReference; lastKnownFileType = text.plist.xml; path = Info.plist; sourceTree = "<group>"; };
/* End PBXFileReference section */

/* Begin PBXFrameworksBuildPhase section */
		D3DA150C1C667B9B009745D9 /* Frameworks */ = {
			isa = PBXFrameworksBuildPhase;
			buildActionMask = 2147483647;
			files = (
			);
			runOnlyForDeploymentPostprocessing = 0;
		};
/* End PBXFrameworksBuildPhase section */

/* Begin PBXGroup section */
		D3DA15061C667B9B009745D9 = {
			isa = PBXGroup;
			children = (
				D3DA15111C667B9B009745D9 /* movebox */,
				D3DA15101C667B9B009745D9 /* Products */,
			);
			sourceTree = "<group>";
		};
		D3DA15101C667B9B009745D9 /* Products */ = {
			isa = PBXGroup;
			children = (
				D3DA150F1C667B9B009745D9 /* movebox.app */,
			);
			name = Products;
			sourceTree = "<group>";
		};
		D3DA15111C667B9B009745D9 /* movebox */ = {
			isa = PBXGroup;
			children = (
				D3DA15121C667B9B009745D9 /* AppDelegate.swift */,
				D3DA15141C667B9B009745D9 /* ViewController.swift */,
				D3DA15161C667B9B009745D9 /* Main.storyboard */,
				D3DA15191C667B9B009745D9 /* Assets.xcassets */,
				D3DA151B1C667B9B009745D9 /* LaunchScreen.storyboard */,
				D3DA151E1C667B9B009745D9 /* Info.plist */,
			);
			path = movebox;
			sourceTree = "<group>";
		};
/* End PBXGroup section */

/* Begin PBXNativeTarget section */
		D3DA150E1C667B9B009745D9 /* movebox */ = {
			isa = PBXNativeTarget;
			buildConfigurationList = D3DA15211C667B9B009745D9 /* Build configuration list for PBXNativeTarget "movebox" */;
			buildPhases = (
				D3DA150B1C667B9B009745D9 /* Sources */,
				D3DA150C1C667B9B009745D9 /* Frameworks */,
				D3DA150D1C667B9B009745D9 /* Resources */,
			);
			buildRules = (
			);
			dependencies = (
			);
			name = movebox;
			productName = movebox;
			productReference = D3DA150F1C667B9B009745D9 /* movebox.app */;
			productType = "com.apple.product-type.application";
		};
/* End PBXNativeTarget section */

/* Begin PBXProject section */
		D3DA15071C667B9B009745D9 /* Project object */ = {
			isa = PBXProject;
			attributes = {
				LastSwiftUpdateCheck = 0720;
				LastUpgradeCheck = 0720;
				ORGANIZATIONNAME = Thomas;
				TargetAttributes = {
					D3DA150E1C667B9B009745D9 = {
						CreatedOnToolsVersion = 7.2.1;
					};
				};
			};
			buildConfigurationList = D3DA150A1C667B9B009745D9 /* Build configuration list for PBXProject "movebox" */;
			compatibilityVersion = "Xcode 3.2";
			developmentRegion = English;
			hasScannedForEncodings = 0;
			knownRegions = (
				en,
				Base,
			);
			mainGroup = D3DA15061C667B9B009745D9;
			productRefGroup = D3DA15101C667B9B009745D9 /* Products */;
			projectDirPath = "";
			projectRoot = "";
			targets = (
				D3DA150E1C667B9B009745D9 /* movebox */,
			);
		};
/* End PBXProject section */

/* Begin PBXResourcesBuildPhase section */
		D3DA150D1C667B9B009745D9 /* Resources */ = {
			isa = PBXResourcesBuildPhase;
			buildActionMask = 2147483647;
			files = (
				D3DA151D1C667B9B009745D9 /* LaunchScreen.storyboard in Resources */,
				D3DA151A1C667B9B009745D9 /* Assets.xcassets in Resources */,
				D3DA15181C667B9B009745D9 /* Main.storyboard in Resources */,
			);
			runOnlyForDeploymentPostprocessing = 0;
		};
/* End PBXResourcesBuildPhase section */

/* Begin PBXSourcesBuildPhase section */
		D3DA150B1C667B9B009745D9 /* Sources */ = {
			isa = PBXSourcesBuildPhase;
			buildActionMask = 2147483647;
			files = (
				D3DA15151C667B9B009745D9 /* ViewController.swift in Sources */,
				D3DA15131C667B9B009745D9 /* AppDelegate.swift in Sources */,
			);
			runOnlyForDeploymentPostprocessing = 0;
		};
/* End PBXSourcesBuildPhase section */

/* Begin PBXVariantGroup section */
		D3DA15161C667B9B009745D9 /* Main.storyboard */ = {
			isa = PBXVariantGroup;
			children = (
				D3DA15171C667B9B009745D9 /* Base */,
			);
			name = Main.storyboard;
			sourceTree = "<group>";
		};
		D3DA151B1C667B9B009745D9 /* LaunchScreen.storyboard */ = {
			isa = PBXVariantGroup;
			children = (
				D3DA151C1C667B9B009745D9 /* Base */,
			);
			name = LaunchScreen.storyboard;
			sourceTree = "<group>";
		};
/* End PBXVariantGroup section */

/* Begin XCBuildConfiguration section */
		D3DA151F1C667B9B009745D9 /* Debug */ = {
			isa = XCBuildConfiguration;
			buildSettings = {
				ALWAYS_SEARCH_USER_PATHS = NO;
				CLANG_CXX_LANGUAGE_STANDARD = "gnu++0x";
				CLANG_CXX_LIBRARY = "libc++";
				CLANG_ENABLE_MODULES = YES;
				CLANG_ENABLE_OBJC_ARC = YES;
				CLANG_WARN_BOOL_CONVERSION = YES;
				CLANG_WARN_CONSTANT_CONVERSION = YES;
				CLANG_WARN_DIRECT_OBJC_ISA_USAGE = YES_ERROR;
				CLANG_WARN_EMPTY_BODY = YES;
				CLANG_WARN_ENUM_CONVERSION = YES;
				CLANG_WARN_INT_CONVERSION = YES;
				CLANG_WARN_OBJC_ROOT_CLASS = YES_ERROR;
				CLANG_WARN_UNREACHABLE_CODE = YES;
				CLANG_WARN__DUPLICATE_METHOD_MATCH = YES;
				"CODE_SIGN_IDENTITY[sdk=iphoneos*]" = "iPhone Developer";
				COPY_PHASE_STRIP = NO;
				DEBUG_INFORMATION_FORMAT = dwarf;
				ENABLE_STRICT_OBJC_MSGSEND = YES;
				ENABLE_TESTABILITY = YES;
				GCC_C_LANGUAGE_STANDARD = gnu99;
				GCC_DYNAMIC_NO_PIC = NO;
				GCC_NO_COMMON_BLOCKS = YES;
				GCC_OPTIMIZATION_LEVEL = 0;
				GCC_PREPROCESSOR_DEFINITIONS = (
					"DEBUG=1",
					"$(inherited)",
				);
				GCC_WARN_64_TO_32_BIT_CONVERSION = YES;
				GCC_WARN_ABOUT_RETURN_TYPE = YES_ERROR;
				GCC_WARN_UNDECLARED_SELECTOR = YES;
				GCC_WARN_UNINITIALIZED_AUTOS = YES_AGGRESSIVE;
				GCC_WARN_UNUSED_FUNCTION = YES;
				GCC_WARN_UNUSED_VARIABLE = YES;
				IPHONEOS_DEPLOYMENT_TARGET = 9.2;
				MTL_ENABLE_DEBUG_INFO = YES;
				ONLY_ACTIVE_ARCH = YES;
				SDKROOT = iphoneos;
				SWIFT_OPTIMIZATION_LEVEL = "-Onone";
			};
			name = Debug;
		};
		D3DA15201C667B9B009745D9 /* Release */ = {
			isa = XCBuildConfiguration;
			buildSettings = {
				ALWAYS_SEARCH_USER_PATHS = NO;
				CLANG_CXX_LANGUAGE_STANDARD = "gnu++0x";
				CLANG_CXX_LIBRARY = "libc++";
				CLANG_ENABLE_MODULES = YES;
				CLANG_ENABLE_OBJC_ARC = YES;
				CLANG_WARN_BOOL_CONVERSION = YES;
				CLANG_WARN_CONSTANT_CONVERSION = YES;
				CLANG_WARN_DIRECT_OBJC_ISA_USAGE = YES_ERROR;
				CLANG_WARN_EMPTY_BODY = YES;
				CLANG_WARN_ENUM_CONVERSION = YES;
				CLANG_WARN_INT_CONVERSION = YES;
				CLANG_WARN_OBJC_ROOT_CLASS = YES_ERROR;
				CLANG_WARN_UNREACHABLE_CODE = YES;
				CLANG_WARN__DUPLICATE_METHOD_MATCH = YES;
				"CODE_SIGN_IDENTITY[sdk=iphoneos*]" = "iPhone Developer";
				COPY_PHASE_STRIP = NO;
				DEBUG_INFORMATION_FORMAT = "dwarf-with-dsym";
				ENABLE_NS_ASSERTIONS = NO;
				ENABLE_STRICT_OBJC_MSGSEND = YES;
				GCC_C_LANGUAGE_STANDARD = gnu99;
				GCC_NO_COMMON_BLOCKS = YES;
				GCC_WARN_64_TO_32_BIT_CONVERSION = YES;
				GCC_WARN_ABOUT_RETURN_TYPE = YES_ERROR;
				GCC_WARN_UNDECLARED_SELECTOR = YES;
				GCC_WARN_UNINITIALIZED_AUTOS = YES_AGGRESSIVE;
				GCC_WARN_UNUSED_FUNCTION = YES;
				GCC_WARN_UNUSED_VARIABLE = YES;
				IPHONEOS_DEPLOYMENT_TARGET = 9.2;
				MTL_ENABLE_DEBUG_INFO = NO;
				SDKROOT = iphoneos;
				VALIDATE_PRODUCT = YES;
			};
			name = Release;
		};
		D3DA15221C667B9B009745D9 /* Debug */ = {
			isa = XCBuildConfiguration;
			buildSettings = {
				ASSETCATALOG_COMPILER_APPICON_NAME = AppIcon;
				INFOPLIST_FILE = movebox/Info.plist;
				LD_RUNPATH_SEARCH_PATHS = "$(inherited) @executable_path/Frameworks";
				PRODUCT_BUNDLE_IDENTIFIER = com.thomas.movebox;
				PRODUCT_NAME = "$(TARGET_NAME)";
			};
			name = Debug;
		};
		D3DA15231C667B9B009745D9 /* Release */ = {
			isa = XCBuildConfiguration;
			buildSettings = {
				ASSETCATALOG_COMPILER_APPICON_NAME = AppIcon;
				INFOPLIST_FILE = movebox/Info.plist;
				LD_RUNPATH_SEARCH_PATHS = "$(inherited) @executable_path/Frameworks";
				PRODUCT_BUNDLE_IDENTIFIER = com.thomas.movebox;
				PRODUCT_NAME = "$(TARGET_NAME)";
			};
			name = Release;
		};
/* End XCBuildConfiguration section */

/* Begin XCConfigurationList section */
		D3DA150A1C667B9B009745D9 /* Build configuration list for PBXProject "movebox" */ = {
			isa = XCConfigurationList;
			buildConfigurations = (
				D3DA151F1C667B9B009745D9 /* Debug */,
				D3DA15201C667B9B009745D9 /* Release */,
			);
			defaultConfigurationIsVisible = 0;
			defaultConfigurationName = Release;
		};
		D3DA15211C667B9B009745D9 /* Build configuration list for PBXNativeTarget "movebox" */ = {
			isa = XCConfigurationList;
			buildConfigurations = (
				D3DA15221C667B9B009745D9 /* Debug */,
				D3DA15231C667B9B009745D9 /* Release */,
			);
			defaultConfigurationIsVisible = 0;
		};
/* End XCConfigurationList section */
	};
	rootObject = D3DA15071C667B9B009745D9 /* Project object */;
}
